{
    "_readme": [
        "This file locks the dependencies of your project to a known state",
        "Read more about it at http://getcomposer.org/doc/01-basic-usage.md#composer-lock-the-lock-file"
    ],
    "hash": "584608048f45a6e6e09ac90bbcaa1179",
    "packages": [
        {
            "name": "ronnieskansing/generators",
            "version": "dev-master",
            "source": {
                "type": "git",
                "url": "https://github.com/RonnieSkansing/php-generator.git",
                "reference": "8c7a496edd809b2b812f46d0932014ef66c7f09e"
            },
            "dist": {
                "type": "zip",
                "url": "https://api.github.com/repos/RonnieSkansing/php-generator/zipball/8c7a496edd809b2b812f46d0932014ef66c7f09e",
                "reference": "8c7a496edd809b2b812f46d0932014ef66c7f09e",
                "shasum": ""
            },
            "require": {
                "php": ">=5.5.0"
            },
            "require-dev": {
                "phpunit/phpunit": "3.7.*"
            },
            "type": "library",
            "autoload": {
                "psr-0": {
                    "Generator\\": "src/"
                }
            },
            "notification-url": "https://packagist.org/downloads/",
            "license": [
                "DBAD"
            ],
            "authors": [
                {
                    "name": "Ronnie Skansing",
                    "email": "rskansing@gmail.com",
                    "role": "Developer"
                }
            ],
            "description": "Package of php generators (as of php 5.5) for common tasks.",
            "homepage": "https://github.com/RonnieSkansing/php-generators",
            "keywords": [
                "fibonacci",
                "generator",
                "generators",
                "primes",
                "range"
            ],
            "time": "2014-02-12 09:39:57"
        },
        {
            "name": "symfony/console",
            "version": "dev-master",
            "target-dir": "Symfony/Component/Console",
            "source": {
                "type": "git",
                "url": "https://github.com/symfony/Console.git",
                "reference": "822312aea23a8ab345402a62ffdcc5acd2739c32"
            },
            "dist": {
                "type": "zip",
                "url": "https://api.github.com/repos/symfony/Console/zipball/822312aea23a8ab345402a62ffdcc5acd2739c32",
                "reference": "822312aea23a8ab345402a62ffdcc5acd2739c32",
                "shasum": ""
            },
            "require": {
                "php": ">=5.3.3"
            },
            "require-dev": {
                "psr/log": "~1.0",
                "symfony/event-dispatcher": "~2.1"
            },
            "suggest": {
                "psr/log": "For using the console logger",
                "symfony/event-dispatcher": ""
            },
            "type": "library",
            "extra": {
                "branch-alias": {
                    "dev-master": "2.5-dev"
                }
            },
            "autoload": {
                "psr-0": {
                    "Symfony\\Component\\Console\\": ""
                }
            },
            "notification-url": "https://packagist.org/downloads/",
            "license": [
                "MIT"
            ],
            "authors": [
                {
                    "name": "Fabien Potencier",
                    "email": "fabien@symfony.com",
                    "homepage": "http://fabien.potencier.org",
                    "role": "Lead Developer"
                },
                {
                    "name": "Symfony Community",
                    "homepage": "http://symfony.com/contributors"
                }
            ],
            "description": "Symfony Console Component",
            "homepage": "http://symfony.com",
            "time": "2014-04-16 10:36:34"
        }
    ],
    "packages-dev": [

    ],
    "aliases": [

    ],
    "minimum-stability": "dev",
    "stability-flags": [

    ],
    "platform": {
        "php": ">=5.5"
    },
    "platform-dev": [

    ]
}
